
Microsoft Visual Studio Solution File, Format Version 12.00
Project("{FAE04EC0-301F-11D3-BF4B-00C04F79EFBC}") = "Raiffeisen.Analytic", "Raiffeisen.Analytic\Raiffeisen.Analytic.csproj", "{189221F5-6B67-440C-BCDE-E69C38B975CB}"
EndProject
Global
	GlobalSection(SolutionConfigurationPlatforms) = preSolution
		Debug|Any CPU = Debug|Any CPU
		Release|Any CPU = Release|Any CPU
	EndGlobalSection
	GlobalSection(ProjectConfigurationPlatforms) = postSolution
		{189221F5-6B67-440C-BCDE-E69C38B975CB}.Debug|Any CPU.ActiveCfg = Debug|Any CPU
		{189221F5-6B67-440C-BCDE-E69C38B975CB}.Debug|Any CPU.Build.0 = Debug|Any CPU
		{189221F5-6B67-440C-BCDE-E69C38B975CB}.Release|Any CPU.ActiveCfg = Release|Any CPU
		{189221F5-6B67-440C-BCDE-E69C38B975CB}.Release|Any CPU.Build.0 = Release|Any CPU
	EndGlobalSection
EndGlobal
